
Microsoft Visual Studio Solution File, Format Version 12.00
# Visual Studio Version 17
VisualStudioVersion = 17.14.36705.20 d17.14
MinimumVisualStudioVersion = 10.0.40219.1
Project("{8BC9CEB8-8B4A-11D0-8D11-00A0C91BC942}") = "Lab401", "Lab401.vcxproj", "{1F7B4F68-0472-4711-897F-B9EB9487E087}"
EndProject
Project("{8BC9CEB8-8B4A-11D0-8D11-00A0C91BC942}") = "102", "..\102\102.vcxproj", "{970D745A-BFB9-4164-ACDA-4CDF018A875F}"
EndProject
Project("{8BC9CEB8-8B4A-11D0-8D11-00A0C91BC942}") = "103", "..\103\103.vcxproj", "{2D7CF75C-828D-4082-891F-4B84F1F7872D}"
EndProject
Project("{8BC9CEB8-8B4A-11D0-8D11-00A0C91BC942}") = "testtestkub", "..\testtestkub\testtestkub.vcxproj", "{2AB9358B-45D4-4588-A08F-77B298DFCB96}"
EndProject
Global
	GlobalSection(SolutionConfigurationPlatforms) = preSolution
		Debug|x64 = Debug|x64
		Debug|x86 = Debug|x86
		Release|x64 = Release|x64
		Release|x86 = Release|x86
	EndGlobalSection
	GlobalSection(ProjectConfigurationPlatforms) = postSolution
		{1F7B4F68-0472-4711-897F-B9EB9487E087}.Debug|x64.ActiveCfg = Debug|x64
		{1F7B4F68-0472-4711-897F-B9EB9487E087}.Debug|x64.Build.0 = Debug|x64
		{1F7B4F68-0472-4711-897F-B9EB9487E087}.Debug|x86.ActiveCfg = Debug|Win32
		{1F7B4F68-0472-4711-897F-B9EB9487E087}.Debug|x86.Build.0 = Debug|Win32
		{1F7B4F68-0472-4711-897F-B9EB9487E087}.Release|x64.ActiveCfg = Release|x64
		{1F7B4F68-0472-4711-897F-B9EB9487E087}.Release|x64.Build.0 = Release|x64
		{1F7B4F68-0472-4711-897F-B9EB9487E087}.Release|x86.ActiveCfg = Release|Win32
		{1F7B4F68-0472-4711-897F-B9EB9487E087}.Release|x86.Build.0 = Release|Win32
		{970D745A-BFB9-4164-ACDA-4CDF018A875F}.Debug|x64.ActiveCfg = Debug|x64
		{970D745A-BFB9-4164-ACDA-4CDF018A875F}.Debug|x64.Build.0 = Debug|x64
		{970D745A-BFB9-4164-ACDA-4CDF018A875F}.Debug|x86.ActiveCfg = Debug|Win32
		{970D745A-BFB9-4164-ACDA-4CDF018A875F}.Debug|x86.Build.0 = Debug|Win32
		{970D745A-BFB9-4164-ACDA-4CDF018A875F}.Release|x64.ActiveCfg = Release|x64
		{970D745A-BFB9-4164-ACDA-4CDF018A875F}.Release|x64.Build.0 = Release|x64
		{970D745A-BFB9-4164-ACDA-4CDF018A875F}.Release|x86.ActiveCfg = Release|Win32
		{970D745A-BFB9-4164-ACDA-4CDF018A875F}.Release|x86.Build.0 = Release|Win32
		{2D7CF75C-828D-4082-891F-4B84F1F7872D}.Debug|x64.ActiveCfg = Debug|x64
		{2D7CF75C-828D-4082-891F-4B84F1F7872D}.Debug|x64.Build.0 = Debug|x64
		{2D7CF75C-828D-4082-891F-4B84F1F7872D}.Debug|x86.ActiveCfg = Debug|Win32
		{2D7CF75C-828D-4082-891F-4B84F1F7872D}.Debug|x86.Build.0 = Debug|Win32
		{2D7CF75C-828D-4082-891F-4B84F1F7872D}.Release|x64.ActiveCfg = Release|x64
		{2D7CF75C-828D-4082-891F-4B84F1F7872D}.Release|x64.Build.0 = Release|x64
		{2D7CF75C-828D-4082-891F-4B84F1F7872D}.Release|x86.ActiveCfg = Release|Win32
		{2D7CF75C-828D-4082-891F-4B84F1F7872D}.Release|x86.Build.0 = Release|Win32
		{2AB9358B-45D4-4588-A08F-77B298DFCB96}.Debug|x64.ActiveCfg = Debug|x64
		{2AB9358B-45D4-4588-A08F-77B298DFCB96}.Debug|x64.Build.0 = Debug|x64
		{2AB9358B-45D4-4588-A08F-77B298DFCB96}.Debug|x86.ActiveCfg = Debug|Win32
		{2AB9358B-45D4-4588-A08F-77B298DFCB96}.Debug|x86.Build.0 = Debug|Win32
		{2AB9358B-45D4-4588-A08F-77B298DFCB96}.Release|x64.ActiveCfg = Release|x64
		{2AB9358B-45D4-4588-A08F-77B298DFCB96}.Release|x64.Build.0 = Release|x64
		{2AB9358B-45D4-4588-A08F-77B298DFCB96}.Release|x86.ActiveCfg = Release|Win32
		{2AB9358B-45D4-4588-A08F-77B298DFCB96}.Release|x86.Build.0 = Release|Win32
	EndGlobalSection
	GlobalSection(SolutionProperties) = preSolution
		HideSolutionNode = FALSE
	EndGlobalSection
	GlobalSection(ExtensibilityGlobals) = postSolution
		SolutionGuid = {D439A887-9983-4088-A22E-6485CBD4BFE2}
	EndGlobalSection
EndGlobal
