
Microsoft Visual Studio Solution File, Format Version 12.00
# Visual Studio Version 17
VisualStudioVersion = 17.14.36705.20 d17.14
MinimumVisualStudioVersion = 10.0.40219.1
Project("{8BC9CEB8-8B4A-11D0-8D11-00A0C91BC942}") = "TEST01", "TEST01.vcxproj", "{FBD0F9A3-D766-4614-871E-CA64D8C2200D}"
EndProject
Global
	GlobalSection(SolutionConfigurationPlatforms) = preSolution
		Debug|x64 = Debug|x64
		Debug|x86 = Debug|x86
		Release|x64 = Release|x64
		Release|x86 = Release|x86
	EndGlobalSection
	GlobalSection(ProjectConfigurationPlatforms) = postSolution
		{FBD0F9A3-D766-4614-871E-CA64D8C2200D}.Debug|x64.ActiveCfg = Debug|x64
		{FBD0F9A3-D766-4614-871E-CA64D8C2200D}.Debug|x64.Build.0 = Debug|x64
		{FBD0F9A3-D766-4614-871E-CA64D8C2200D}.Debug|x86.ActiveCfg = Debug|Win32
		{FBD0F9A3-D766-4614-871E-CA64D8C2200D}.Debug|x86.Build.0 = Debug|Win32
		{FBD0F9A3-D766-4614-871E-CA64D8C2200D}.Release|x64.ActiveCfg = Release|x64
		{FBD0F9A3-D766-4614-871E-CA64D8C2200D}.Release|x64.Build.0 = Release|x64
		{FBD0F9A3-D766-4614-871E-CA64D8C2200D}.Release|x86.ActiveCfg = Release|Win32
		{FBD0F9A3-D766-4614-871E-CA64D8C2200D}.Release|x86.Build.0 = Release|Win32
	EndGlobalSection
	GlobalSection(SolutionProperties) = preSolution
		HideSolutionNode = FALSE
	EndGlobalSection
	GlobalSection(ExtensibilityGlobals) = postSolution
		SolutionGuid = {B05D98D2-8206-4D58-B8D4-AD9C01B6A56A}
	EndGlobalSection
EndGlobal
